schema: '2.0'
stages:
  phase5_revaluation:
    cmd: python apps/run_phase5_baseline.py
    deps:
    - path: apps/run_phase5_baseline.py
      hash: md5
      md5: 5fac83318e99f56d27ac2ad57949d4d4
      size: 6129
    - path: artefacts/governance/data_hashes.json
      hash: md5
      md5: 6281b3887974f3ef752fced356585e8d
      size: 1257
    - path: conf/backtest/default.yaml
      hash: md5
      md5: 1b418c29212c57c7f977a9d00a9b4695
      size: 447
    - path: conf/data/default.yaml
      hash: md5
      md5: 6fd9fbddaf226a151c48371ec9368533
      size: 1693
    - path: conf/execution/fees.yaml
      hash: md5
      md5: 06c22d3fbf1737289cdfe623827c2b02
      size: 1047
    - path: conf/execution/impact.yaml
      hash: md5
      md5: 2d9338a915374c377cd658777239127a
      size: 1980
    - path: conf/model/alpha.yaml
      hash: md5
      md5: 1e6151937a13ff72c5d49d0c508ad984
      size: 791
    - path: conf/model/volatility.yaml
      hash: md5
      md5: ee51cce39e1d2ac9e6da5879b8b5a727
      size: 1465
    - path: conf/risk/default.yaml
      hash: md5
      md5: f7184fa1dac73d5ae41169d2caddf28c
      size: 7532
    - path: data/pit_store
      hash: md5
      md5: e04fff202fdc77d375a990fa99c43c3d.dir
      size: 2340376
      nfiles: 228
    - path: src/tradebot/alpha/momentum.py
      hash: md5
      md5: cb5e2fbe23db250a00d640ec47d1c376
      size: 15780
    - path: src/tradebot/backtest/accounting.py
      hash: md5
      md5: d9de8f9e5aed1e4d683fdd0a7f473e2d
      size: 20361
    - path: src/tradebot/backtest/baseline_runner.py
      hash: md5
      md5: 25e0cc614e120c65c607fd2276571a06
      size: 11393
    - path: src/tradebot/backtest/engine.py
      hash: md5
      md5: de147d2a246feab99ed9c9763b2fb506
      size: 19542
    - path: src/tradebot/backtest/phase5_baseline.py
      hash: md5
      md5: c3cf52dc470fa91fe0a1c721b6e9c218
      size: 11753
    - path: src/tradebot/execution/impact_model.py
      hash: md5
      md5: 6bc9bb02cb1bee4a8ef6dfe57b304615
      size: 11173
    - path: src/tradebot/execution/order_router.py
      hash: md5
      md5: 46ac316d200c704e5073c31709104597
      size: 18436
    - path: src/tradebot/risk/engine.py
      hash: md5
      md5: c5ff98bea6d987dad697352323a4b345
      size: 22721
    - path: src/tradebot/volatility/ewma.py
      hash: md5
      md5: eb182065977d413516a2383cb9d68d96
      size: 7638
    outs:
    - path: artefacts/baseline/phase5_revaluation.json
      hash: md5
      md5: 7aaf1350d2ececcfba3126b039872564
      size: 17110
